
Microsoft Visual Studio Solution File, Format Version 12.00
# Visual Studio Version 17
VisualStudioVersion = 17.10.35013.160
MinimumVisualStudioVersion = 10.0.40219.1
Project("{FAE04EC0-301F-11D3-BF4B-00C04F79EFBC}") = "01_MainSubjects", "01_MainSubjects\01_MainSubjects.csproj", "{87F78BE3-01D5-4018-B208-06DC66416789}"
EndProject
Project("{FAE04EC0-301F-11D3-BF4B-00C04F79EFBC}") = "02_Variables", "02_Variables\02_Variables.csproj", "{B48C19A0-FFD6-4680-A69B-5F8F9E07328A}"
EndProject
Project("{FAE04EC0-301F-11D3-BF4B-00C04F79EFBC}") = "03_MakingDecision", "03_MakingDecision\03_MakingDecision.csproj", "{2CCF8BF8-AD78-4EF9-B232-E534A9870875}"
EndProject
Project("{FAE04EC0-301F-11D3-BF4B-00C04F79EFBC}") = "04_Loops", "04_Loops\04_Loops.csproj", "{B96D8B87-190A-41EE-8152-A2D79F5F34C1}"
EndProject
Project("{FAE04EC0-301F-11D3-BF4B-00C04F79EFBC}") = "05_LoopsWithStars", "05_LoopsWithStars\05_LoopsWithStars.csproj", "{EE08EE1D-DDA7-42D7-B3A7-2B8BBD71DAAA}"
EndProject
Project("{FAE04EC0-301F-11D3-BF4B-00C04F79EFBC}") = "06_Arrays", "06_Arrays\06_Arrays.csproj", "{C7CEA7A4-4BC1-439E-B0F9-90F72AE39436}"
EndProject
Project("{FAE04EC0-301F-11D3-BF4B-00C04F79EFBC}") = "07_ForeachLoop", "07_ForeachLoop\07_ForeachLoop.csproj", "{F52D7985-184B-4451-B8D2-AE96531110C8}"
EndProject
Global
	GlobalSection(SolutionConfigurationPlatforms) = preSolution
		Debug|Any CPU = Debug|Any CPU
		Release|Any CPU = Release|Any CPU
	EndGlobalSection
	GlobalSection(ProjectConfigurationPlatforms) = postSolution
		{87F78BE3-01D5-4018-B208-06DC66416789}.Debug|Any CPU.ActiveCfg = Debug|Any CPU
		{87F78BE3-01D5-4018-B208-06DC66416789}.Debug|Any CPU.Build.0 = Debug|Any CPU
		{87F78BE3-01D5-4018-B208-06DC66416789}.Release|Any CPU.ActiveCfg = Release|Any CPU
		{87F78BE3-01D5-4018-B208-06DC66416789}.Release|Any CPU.Build.0 = Release|Any CPU
		{B48C19A0-FFD6-4680-A69B-5F8F9E07328A}.Debug|Any CPU.ActiveCfg = Debug|Any CPU
		{B48C19A0-FFD6-4680-A69B-5F8F9E07328A}.Debug|Any CPU.Build.0 = Debug|Any CPU
		{B48C19A0-FFD6-4680-A69B-5F8F9E07328A}.Release|Any CPU.ActiveCfg = Release|Any CPU
		{B48C19A0-FFD6-4680-A69B-5F8F9E07328A}.Release|Any CPU.Build.0 = Release|Any CPU
		{2CCF8BF8-AD78-4EF9-B232-E534A9870875}.Debug|Any CPU.ActiveCfg = Debug|Any CPU
		{2CCF8BF8-AD78-4EF9-B232-E534A9870875}.Debug|Any CPU.Build.0 = Debug|Any CPU
		{2CCF8BF8-AD78-4EF9-B232-E534A9870875}.Release|Any CPU.ActiveCfg = Release|Any CPU
		{2CCF8BF8-AD78-4EF9-B232-E534A9870875}.Release|Any CPU.Build.0 = Release|Any CPU
		{B96D8B87-190A-41EE-8152-A2D79F5F34C1}.Debug|Any CPU.ActiveCfg = Debug|Any CPU
		{B96D8B87-190A-41EE-8152-A2D79F5F34C1}.Debug|Any CPU.Build.0 = Debug|Any CPU
		{B96D8B87-190A-41EE-8152-A2D79F5F34C1}.Release|Any CPU.ActiveCfg = Release|Any CPU
		{B96D8B87-190A-41EE-8152-A2D79F5F34C1}.Release|Any CPU.Build.0 = Release|Any CPU
		{EE08EE1D-DDA7-42D7-B3A7-2B8BBD71DAAA}.Debug|Any CPU.ActiveCfg = Debug|Any CPU
		{EE08EE1D-DDA7-42D7-B3A7-2B8BBD71DAAA}.Debug|Any CPU.Build.0 = Debug|Any CPU
		{EE08EE1D-DDA7-42D7-B3A7-2B8BBD71DAAA}.Release|Any CPU.ActiveCfg = Release|Any CPU
		{EE08EE1D-DDA7-42D7-B3A7-2B8BBD71DAAA}.Release|Any CPU.Build.0 = Release|Any CPU
		{C7CEA7A4-4BC1-439E-B0F9-90F72AE39436}.Debug|Any CPU.ActiveCfg = Debug|Any CPU
		{C7CEA7A4-4BC1-439E-B0F9-90F72AE39436}.Debug|Any CPU.Build.0 = Debug|Any CPU
		{C7CEA7A4-4BC1-439E-B0F9-90F72AE39436}.Release|Any CPU.ActiveCfg = Release|Any CPU
		{C7CEA7A4-4BC1-439E-B0F9-90F72AE39436}.Release|Any CPU.Build.0 = Release|Any CPU
		{F52D7985-184B-4451-B8D2-AE96531110C8}.Debug|Any CPU.ActiveCfg = Debug|Any CPU
		{F52D7985-184B-4451-B8D2-AE96531110C8}.Debug|Any CPU.Build.0 = Debug|Any CPU
		{F52D7985-184B-4451-B8D2-AE96531110C8}.Release|Any CPU.ActiveCfg = Release|Any CPU
		{F52D7985-184B-4451-B8D2-AE96531110C8}.Release|Any CPU.Build.0 = Release|Any CPU
	EndGlobalSection
	GlobalSection(SolutionProperties) = preSolution
		HideSolutionNode = FALSE
	EndGlobalSection
	GlobalSection(ExtensibilityGlobals) = postSolution
		SolutionGuid = {022E0F7B-7CC8-4335-A337-0AB63089790D}
	EndGlobalSection
EndGlobal
